
Microsoft Visual Studio Solution File, Format Version 12.00
# Visual Studio Version 17
VisualStudioVersion = 17.9.34723.18
MinimumVisualStudioVersion = 10.0.40219.1
Project("{FAE04EC0-301F-11D3-BF4B-00C04F79EFBC}") = "GamesJournal", "GamesJournal\GamesJournal.csproj", "{3E756FA5-69BC-416F-A8F9-2513BB837E92}"
EndProject
Global
	GlobalSection(SolutionConfigurationPlatforms) = preSolution
		Debug|Any CPU = Debug|Any CPU
		Release|Any CPU = Release|Any CPU
	EndGlobalSection
	GlobalSection(ProjectConfigurationPlatforms) = postSolution
		{3E756FA5-69BC-416F-A8F9-2513BB837E92}.Debug|Any CPU.ActiveCfg = Debug|Any CPU
		{3E756FA5-69BC-416F-A8F9-2513BB837E92}.Debug|Any CPU.Build.0 = Debug|Any CPU
		{3E756FA5-69BC-416F-A8F9-2513BB837E92}.Release|Any CPU.ActiveCfg = Release|Any CPU
		{3E756FA5-69BC-416F-A8F9-2513BB837E92}.Release|Any CPU.Build.0 = Release|Any CPU
	EndGlobalSection
	GlobalSection(SolutionProperties) = preSolution
		HideSolutionNode = FALSE
	EndGlobalSection
	GlobalSection(ExtensibilityGlobals) = postSolution
		SolutionGuid = {3B4AB9CB-21C6-461B-B8D0-16FFF02D2083}
	EndGlobalSection
EndGlobal
